
Microsoft Visual Studio Solution File, Format Version 12.00
# Visual Studio Version 17
VisualStudioVersion = 17.8.34330.188
MinimumVisualStudioVersion = 10.0.40219.1
Project("{FAE04EC0-301F-11D3-BF4B-00C04F79EFBC}") = "Business", "Business\Business.csproj", "{8E7C1F7A-6205-45FD-8E96-F0C68212C10F}"
EndProject
Project("{FAE04EC0-301F-11D3-BF4B-00C04F79EFBC}") = "Entities", "Entities\Entities.csproj", "{8A2ABAF7-712C-44F9-87A5-4FBD2B30A3A8}"
EndProject
Project("{FAE04EC0-301F-11D3-BF4B-00C04F79EFBC}") = "Workspace", "Workspace\Workspace.csproj", "{EA44425C-7882-4BFA-8AEF-2B1B29322DCA}"
EndProject
Project("{FAE04EC0-301F-11D3-BF4B-00C04F79EFBC}") = "DataAccess", "DataAccess\DataAccess.csproj", "{49F91028-5D50-493C-8DB4-D06ACC15BA14}"
EndProject
Global
	GlobalSection(SolutionConfigurationPlatforms) = preSolution
		Debug|Any CPU = Debug|Any CPU
		Release|Any CPU = Release|Any CPU
	EndGlobalSection
	GlobalSection(ProjectConfigurationPlatforms) = postSolution
		{8E7C1F7A-6205-45FD-8E96-F0C68212C10F}.Debug|Any CPU.ActiveCfg = Debug|Any CPU
		{8E7C1F7A-6205-45FD-8E96-F0C68212C10F}.Debug|Any CPU.Build.0 = Debug|Any CPU
		{8E7C1F7A-6205-45FD-8E96-F0C68212C10F}.Release|Any CPU.ActiveCfg = Release|Any CPU
		{8E7C1F7A-6205-45FD-8E96-F0C68212C10F}.Release|Any CPU.Build.0 = Release|Any CPU
		{8A2ABAF7-712C-44F9-87A5-4FBD2B30A3A8}.Debug|Any CPU.ActiveCfg = Debug|Any CPU
		{8A2ABAF7-712C-44F9-87A5-4FBD2B30A3A8}.Debug|Any CPU.Build.0 = Debug|Any CPU
		{8A2ABAF7-712C-44F9-87A5-4FBD2B30A3A8}.Release|Any CPU.ActiveCfg = Release|Any CPU
		{8A2ABAF7-712C-44F9-87A5-4FBD2B30A3A8}.Release|Any CPU.Build.0 = Release|Any CPU
		{EA44425C-7882-4BFA-8AEF-2B1B29322DCA}.Debug|Any CPU.ActiveCfg = Debug|Any CPU
		{EA44425C-7882-4BFA-8AEF-2B1B29322DCA}.Debug|Any CPU.Build.0 = Debug|Any CPU
		{EA44425C-7882-4BFA-8AEF-2B1B29322DCA}.Release|Any CPU.ActiveCfg = Release|Any CPU
		{EA44425C-7882-4BFA-8AEF-2B1B29322DCA}.Release|Any CPU.Build.0 = Release|Any CPU
		{49F91028-5D50-493C-8DB4-D06ACC15BA14}.Debug|Any CPU.ActiveCfg = Debug|Any CPU
		{49F91028-5D50-493C-8DB4-D06ACC15BA14}.Debug|Any CPU.Build.0 = Debug|Any CPU
		{49F91028-5D50-493C-8DB4-D06ACC15BA14}.Release|Any CPU.ActiveCfg = Release|Any CPU
		{49F91028-5D50-493C-8DB4-D06ACC15BA14}.Release|Any CPU.Build.0 = Release|Any CPU
	EndGlobalSection
	GlobalSection(SolutionProperties) = preSolution
		HideSolutionNode = FALSE
	EndGlobalSection
	GlobalSection(ExtensibilityGlobals) = postSolution
		SolutionGuid = {FC4CA567-247C-4D02-A121-4FA50ECB1491}
	EndGlobalSection
EndGlobal
